github.com/couchbase/gocb v1.4.1 h1:XKVueQrBxf/tKV3dI0PSGS9sX6z80/rNNNYnZKNz70M=
github.com/couchbase/gocb v1.4.1/go.mod h1:AtRhXLpjgHmkRgG3e0K9t41qnWFonb8iohS/u/TZzxM=
github.com/golang/snappy v0.0.0-20180518054509-2e65f85255db h1:woRePGFeVFfLKN/pOkfl+p/TAqKOfFu+7KPlMVpok/w=
github.com/golang/snappy v0.0.0-20180518054509-2e65f85255db/go.mod h1:/XxbfmMg8lxefKM7IXC3fBNl/7bRcc72aCRzEWrmP2Q=
github.com/google/uuid v1.0.0 h1:b4Gk+7WdP/d3HZH8EJsZpvV7EtDOgaZLtnaNGIu1adA=
github.com/google/uuid v1.0.0/go.mod h1:TIyPZe4MgqvfeYDBFedMoGGpEw/LqOeaOT+nhxU+yHo=
github.com/opentracing/opentracing-go v1.0.2 h1:3jA2P6O1F9UOrWVpwrIo17pu01KWvNWg4X946/Y5Zwg=
github.com/opentracing/opentracing-go v1.0.2/go.mod h1:UkNAQd3GIcIGf0SeVgPpRdFStlNbqXla1AfSYxPUl2o=
golang.org/x/net v0.0.0-20180906233101-161cd47e91fd h1:nTDtHvHSdCn1m6ITfMRqtOd/9+7a3s8RBNOZ3eYZzJA=
golang.org/x/net v0.0.0-20180906233101-161cd47e91fd/go.mod h1:mL1N/T3taQHkDXs73rZJwtUhF3w3ftmwwsq0BUmARs4=
golang.org/x/text v0.3.0 h1:g61tztE5qeGQ89tm6NTjjM9VPIm088od1l6aSorWRWg=
golang.org/x/text v0.3.0/go.mod h1:NqM8EUOU14njkJ3fqMW+pc6Ldnwhi/IjpwHt7yyuwOQ=
gopkg.in/couchbase/gocbcore.v7 v7.1.5 h1:++y9mEfH1/4vfAoMCkaLrce59lcm5IiM9ZX5V0p/1WA=
gopkg.in/couchbase/gocbcore.v7 v7.1.5/go.mod h1:48d2Be0MxRtsyuvn+mWzqmoGUG9uA00ghopzOs148/E=
gopkg.in/couchbaselabs/gocbconnstr.v1 v1.0.2 h1:EJFMMmmXe0pF+AdSYdwQ050BVJHwpLmsEMTQoUAEFv8=
gopkg.in/couchbaselabs/gocbconnstr.v1 v1.0.2/go.mod h1:ZjII0iKx4Veo6N6da+pEZu/ptNyKLg9QTVt7fFmR6sw=
gopkg.in/couchbaselabs/jsonx.v1 v1.0.0 h1:SJGarb8dXAsVZWizC26rxBkBYEKhSUxVh5wAnyzBVaI=
gopkg.in/couchbaselabs/jsonx.v1 v1.0.0/go.mod h1:oR201IRovxvLW/eISevH12/+MiKHtNQAKfcX8iWZvJY=
